[metadata]
lock_version = 3
declaration_hash_version = 1
declaration_hash = "sha256:765ced77af3d6cd06b0e1f542daa7f3e5f02b9a88391474881f44dac63cdc0b9"
generated_by = "ocx 0.5.0"
generated_at = "2026-08-01T19:02:32Z"

[[tool]]
name = "cli"
group = "default"
repository = "ocx.sh/ocx/cli"

[tool.platforms]
"darwin/amd64" = "sha256:23c7027fbd09709647bb6691fcd82a5b4cad57ad9c1b5bdcc97d79ab3163ebaf"
"darwin/arm64" = "sha256:9f8595fe452ad412c9b414805725ae540fc1074c9409061bb5d63660f8f3d3dd"
"linux/amd64" = "sha256:016cb5f5d8a47037efc70b2e9df18e62e2afd7f7cb0773e77f929ff26bdf10cb"
"linux/arm64" = "sha256:4b9a2a9a0c9e035a5157a20a7762829c415f6397530032f416f26a0bb99cc123"
"windows/amd64" = "sha256:6361719ba1116f09a8b0f84c385e981009dc7c80bddf30a4390eafbc48c0a4b0"
"windows/arm64" = "sha256:db8450b778cc13516546d064cd708680ae2b98262c482a4091a7332c3d70bc4a"

[[tool]]
name = "mirror"
group = "default"
repository = "ocx.sh/ocx/mirror"

[tool.platforms]
"darwin/amd64" = "sha256:ba6138bab428052fcf6db82d387c6d4720fb9b33d7a28ba1b32ea7d290afc4e5"
"darwin/arm64" = "sha256:bcc479bf9239c60a08517cb1f01db5d142fa4e092b6a140a5e40cb669c0c93a0"
"linux/amd64" = "sha256:664bb58d35ec3735a633ae3169e072ece8a585943006736277085b24934c765d"
"linux/arm64" = "sha256:12b5429ca012870bd19bda5f0edfceffbd409d1d622a2608e1df1953e38a0a32"
"windows/amd64" = "sha256:cd3dfa49f2deb2878633648163dcd92ae5826f1d71fe27b8677cda7aad6a34b9"
"windows/arm64" = "sha256:e38783f99f0bb9530414adc84a00e9d48f2176c86c04369a0b108e2dd71ae897"
