[metadata]
lock_version = 2
declaration_hash_version = 1
declaration_hash = "sha256:8a4b81d00ec70fdb930b8f1c5324b27f7087339e3cb903e1d177f26cf1278e55"
generated_by = "ocx 0.4.3"
generated_at = "2026-07-29T01:23:00Z"

[[tool]]
name = "cli"
group = "default"
repository = "dev.ocx.sh/ocx/cli"

[tool.platforms]
"darwin/amd64" = "sha256:7ed8e0318e127842cf6f5c4ab9fff93075d4aab942d200ed965ba0d939d6e298"
"darwin/arm64" = "sha256:b7fe97add49f0c7c5b6a9ffc867d3e206e2b3837bb12d734af9b63ffa308c264"
"linux/amd64" = "sha256:8e0ebb9c4c30da84e605c4fb63ad69c389643da0863f982abaad2cc6f0e1a849"
"linux/arm64" = "sha256:51bed4016c6968cb7753f358b946dc7cd99bd272fe65a29aa22cc0bb4795d4e4"
"windows/amd64" = "sha256:516ea3e4ba01e134857f98b00e1328e405762eeb366b680b9b41cc39c741ddcd"
"windows/arm64" = "sha256:3161506b2665e0d0f7a04591641ce346de0791a17fc578f0bf677d6eebfb12e5"

[[tool]]
name = "mirror"
group = "default"
repository = "dev.ocx.sh/ocx/mirror"

[tool.platforms]
"darwin/amd64" = "sha256:549475f01276f18c9f11d6570107f73053015619cabeeb9a609cb4671ff6a28b"
"darwin/arm64" = "sha256:195f94176ac329151955e44abf6eac59f08bafff6117ac295e96b7df595f8920"
"linux/amd64" = "sha256:2401e34c966d21824f7447d56b78a8d4404b7548f755d0519b0eb301d6cfd7d9"
"linux/arm64" = "sha256:359de907598aedb649240d6dd2920534432feada092b713a9bc9f3b34f34513f"
"windows/amd64" = "sha256:8680bef74ff61cb7853858e5f51824e7132fe1401078949a68190a073cfb353f"
"windows/arm64" = "sha256:00110be750d4788b4f034d5a1abaf9d4b83016950a7381266cdc2cb83f50ca37"
